<Solution>
  <Folder Name="/src/">
    <Project Path="src/PromptQueue.App/PromptQueue.App.csproj" />
    <Project Path="src/PromptQueue.Core/PromptQueue.Core.csproj" />
    <Project Path="src/PromptQueue.Operator/PromptQueue.Operator.csproj" />
    <Project Path="src/PromptQueue.Server/PromptQueue.Server.csproj" />
  </Folder>
</Solution>
